
Microsoft Visual Studio Solution File, Format Version 12.00
# Visual Studio Version 17
VisualStudioVersion = 17.8.34316.72
MinimumVisualStudioVersion = 10.0.40219.1
Project("{FAE04EC0-301F-11D3-BF4B-00C04F79EFBC}") = "Passwort2", "Passwort2\Passwort2.csproj", "{8199E7B7-F330-4370-A013-5D0A423A1B76}"
EndProject
Global
	GlobalSection(SolutionConfigurationPlatforms) = preSolution
		Debug|Any CPU = Debug|Any CPU
		Release|Any CPU = Release|Any CPU
	EndGlobalSection
	GlobalSection(ProjectConfigurationPlatforms) = postSolution
		{8199E7B7-F330-4370-A013-5D0A423A1B76}.Debug|Any CPU.ActiveCfg = Debug|Any CPU
		{8199E7B7-F330-4370-A013-5D0A423A1B76}.Debug|Any CPU.Build.0 = Debug|Any CPU
		{8199E7B7-F330-4370-A013-5D0A423A1B76}.Release|Any CPU.ActiveCfg = Release|Any CPU
		{8199E7B7-F330-4370-A013-5D0A423A1B76}.Release|Any CPU.Build.0 = Release|Any CPU
	EndGlobalSection
	GlobalSection(SolutionProperties) = preSolution
		HideSolutionNode = FALSE
	EndGlobalSection
	GlobalSection(ExtensibilityGlobals) = postSolution
		SolutionGuid = {6C436431-943E-4C73-BCCB-455CA93CB8F1}
	EndGlobalSection
EndGlobal
